// !$*UTF8*$!
{
	archiveVersion = 1;
	classes = {
	};
	objectVersion = 55;
	objects = {

/* Begin PBXBuildFile section */
		3BC09EDF27E1CB5F00CACF8D /* YouTubeTapApp.swift in Sources */ = {isa = PBXBuildFile; fileRef = 3BC09EDE27E1CB5F00CACF8D /* YouTubeTapApp.swift */; };
		3BC09EE127E1CB5F00CACF8D /* SearchResultsView.swift in Sources */ = {isa = PBXBuildFile; fileRef = 3BC09EE027E1CB5F00CACF8D /* SearchResultsView.swift */; };
		3BC09EE327E1CB5F00CACF8D /* Assets.xcassets in Resources */ = {isa = PBXBuildFile; fileRef = 3BC09EE227E1CB5F00CACF8D /* Assets.xcassets */; };
		3BC09EE627E1CB5F00CACF8D /* Preview Assets.xcassets in Resources */ = {isa = PBXBuildFile; fileRef = 3BC09EE527E1CB5F00CACF8D /* Preview Assets.xcassets */; };
		3BC09EED27E1CCA900CACF8D /* iFrameView.swift in Sources */ = {isa = PBXBuildFile; fileRef = 3BC09EEC27E1CCA900CACF8D /* iFrameView.swift */; };
		3BC09EF127E1D4F100CACF8D /* SearchResultsViewModel.swift in Sources */ = {isa = PBXBuildFile; fileRef = 3BC09EF027E1D4F100CACF8D /* SearchResultsViewModel.swift */; };
		3BC09EF327E1D74F00CACF8D /* IFrameService.swift in Sources */ = {isa = PBXBuildFile; fileRef = 3BC09EF227E1D74F00CACF8D /* IFrameService.swift */; };
		3BC09EF527E20F1500CACF8D /* UIDevice.swift in Sources */ = {isa = PBXBuildFile; fileRef = 3BC09EF427E20F1500CACF8D /* UIDevice.swift */; };
		3BC09EFF27E21C3B00CACF8D /* SizeFormatter.swift in Sources */ = {isa = PBXBuildFile; fileRef = 3BC09EFE27E21C3B00CACF8D /* SizeFormatter.swift */; };
/* End PBXBuildFile section */

/* Begin PBXFileReference section */
		3BC09EDB27E1CB5F00CACF8D /* YouTubeTap.app */ = {isa = PBXFileReference; explicitFileType = wrapper.application; includeInIndex = 0; path = YouTubeTap.app; sourceTree = BUILT_PRODUCTS_DIR; };
		3BC09EDE27E1CB5F00CACF8D /* YouTubeTapApp.swift */ = {isa = PBXFileReference; lastKnownFileType = sourcecode.swift; path = YouTubeTapApp.swift; sourceTree = "<group>"; };
		3BC09EE027E1CB5F00CACF8D /* SearchResultsView.swift */ = {isa = PBXFileReference; lastKnownFileType = sourcecode.swift; path = SearchResultsView.swift; sourceTree = "<group>"; };
		3BC09EE227E1CB5F00CACF8D /* Assets.xcassets */ = {isa = PBXFileReference; lastKnownFileType = folder.assetcatalog; path = Assets.xcassets; sourceTree = "<group>"; };
		3BC09EE527E1CB5F00CACF8D /* Preview Assets.xcassets */ = {isa = PBXFileReference; lastKnownFileType = folder.assetcatalog; path = "Preview Assets.xcassets"; sourceTree = "<group>"; };
		3BC09EEC27E1CCA900CACF8D /* iFrameView.swift */ = {isa = PBXFileReference; lastKnownFileType = sourcecode.swift; path = iFrameView.swift; sourceTree = "<group>"; };
		3BC09EF027E1D4F100CACF8D /* SearchResultsViewModel.swift */ = {isa = PBXFileReference; lastKnownFileType = sourcecode.swift; path = SearchResultsViewModel.swift; sourceTree = "<group>"; };
		3BC09EF227E1D74F00CACF8D /* IFrameService.swift */ = {isa = PBXFileReference; lastKnownFileType = sourcecode.swift; path = IFrameService.swift; sourceTree = "<group>"; };
		3BC09EF427E20F1500CACF8D /* UIDevice.swift */ = {isa = PBXFileReference; lastKnownFileType = sourcecode.swift; path = UIDevice.swift; sourceTree = "<group>"; };
		3BC09EFE27E21C3B00CACF8D /* SizeFormatter.swift */ = {isa = PBXFileReference; lastKnownFileType = sourcecode.swift; path = SizeFormatter.swift; sourceTree = "<group>"; };
/* End PBXFileReference section */

/* Begin PBXFrameworksBuildPhase section */
		3BC09ED827E1CB5F00CACF8D /* Frameworks */ = {
			isa = PBXFrameworksBuildPhase;
			buildActionMask = 2147483647;
			files = (
			);
			runOnlyForDeploymentPostprocessing = 0;
		};
/* End PBXFrameworksBuildPhase section */

/* Begin PBXGroup section */
		3BC09ED227E1CB5F00CACF8D = {
			isa = PBXGroup;
			children = (
				3BC09EDD27E1CB5F00CACF8D /* YouTubeTap */,
				3BC09EDC27E1CB5F00CACF8D /* Products */,
			);
			sourceTree = "<group>";
		};
		3BC09EDC27E1CB5F00CACF8D /* Products */ = {
			isa = PBXGroup;
			children = (
				3BC09EDB27E1CB5F00CACF8D /* YouTubeTap.app */,
			);
			name = Products;
			sourceTree = "<group>";
		};
		3BC09EDD27E1CB5F00CACF8D /* YouTubeTap */ = {
			isa = PBXGroup;
			children = (
				3BC09EF827E2190E00CACF8D /* SupportingFiles */,
				3BC09EF927E21A5600CACF8D /* UI */,
				3BC09EFA27E21A9500CACF8D /* ViewModels */,
				3BC09EFC27E21B3A00CACF8D /* Models */,
				3BC09EFD27E21B5C00CACF8D /* Extensions */,
				3BC09EFB27E21AB300CACF8D /* Resources */,
				3BC09EE427E1CB5F00CACF8D /* Preview Content */,
			);
			path = YouTubeTap;
			sourceTree = "<group>";
		};
		3BC09EE427E1CB5F00CACF8D /* Preview Content */ = {
			isa = PBXGroup;
			children = (
				3BC09EE527E1CB5F00CACF8D /* Preview Assets.xcassets */,
			);
			path = "Preview Content";
			sourceTree = "<group>";
		};
		3BC09EF827E2190E00CACF8D /* SupportingFiles */ = {
			isa = PBXGroup;
			children = (
				3BC09EDE27E1CB5F00CACF8D /* YouTubeTapApp.swift */,
			);
			path = SupportingFiles;
			sourceTree = "<group>";
		};
		3BC09EF927E21A5600CACF8D /* UI */ = {
			isa = PBXGroup;
			children = (
				3BC09EEC27E1CCA900CACF8D /* iFrameView.swift */,
				3BC09EE027E1CB5F00CACF8D /* SearchResultsView.swift */,
			);
			path = UI;
			sourceTree = "<group>";
		};
		3BC09EFA27E21A9500CACF8D /* ViewModels */ = {
			isa = PBXGroup;
			children = (
				3BC09EF027E1D4F100CACF8D /* SearchResultsViewModel.swift */,
			);
			path = ViewModels;
			sourceTree = "<group>";
		};
		3BC09EFB27E21AB300CACF8D /* Resources */ = {
			isa = PBXGroup;
			children = (
				3BC09EE227E1CB5F00CACF8D /* Assets.xcassets */,
			);
			path = Resources;
			sourceTree = "<group>";
		};
		3BC09EFC27E21B3A00CACF8D /* Models */ = {
			isa = PBXGroup;
			children = (
				3BC09EF227E1D74F00CACF8D /* IFrameService.swift */,
				3BC09EFE27E21C3B00CACF8D /* SizeFormatter.swift */,
			);
			path = Models;
			sourceTree = "<group>";
		};
		3BC09EFD27E21B5C00CACF8D /* Extensions */ = {
			isa = PBXGroup;
			children = (
				3BC09EF427E20F1500CACF8D /* UIDevice.swift */,
			);
			path = Extensions;
			sourceTree = "<group>";
		};
/* End PBXGroup section */

/* Begin PBXNativeTarget section */
		3BC09EDA27E1CB5F00CACF8D /* YouTubeTap */ = {
			isa = PBXNativeTarget;
			buildConfigurationList = 3BC09EE927E1CB5F00CACF8D /* Build configuration list for PBXNativeTarget "YouTubeTap" */;
			buildPhases = (
				3BC09ED727E1CB5F00CACF8D /* Sources */,
				3BC09ED827E1CB5F00CACF8D /* Frameworks */,
				3BC09ED927E1CB5F00CACF8D /* Resources */,
			);
			buildRules = (
			);
			dependencies = (
			);
			name = YouTubeTap;
			productName = YouTubeTap;
			productReference = 3BC09EDB27E1CB5F00CACF8D /* YouTubeTap.app */;
			productType = "com.apple.product-type.application";
		};
/* End PBXNativeTarget section */

/* Begin PBXProject section */
		3BC09ED327E1CB5F00CACF8D /* Project object */ = {
			isa = PBXProject;
			attributes = {
				BuildIndependentTargetsInParallel = 1;
				LastSwiftUpdateCheck = 1320;
				LastUpgradeCheck = 1320;
				TargetAttributes = {
					3BC09EDA27E1CB5F00CACF8D = {
						CreatedOnToolsVersion = 13.2.1;
					};
				};
			};
			buildConfigurationList = 3BC09ED627E1CB5F00CACF8D /* Build configuration list for PBXProject "YouTubeTap" */;
			compatibilityVersion = "Xcode 13.0";
			developmentRegion = en;
			hasScannedForEncodings = 0;
			knownRegions = (
				en,
				Base,
			);
			mainGroup = 3BC09ED227E1CB5F00CACF8D;
			productRefGroup = 3BC09EDC27E1CB5F00CACF8D /* Products */;
			projectDirPath = "";
			projectRoot = "";
			targets = (
				3BC09EDA27E1CB5F00CACF8D /* YouTubeTap */,
			);
		};
/* End PBXProject section */

/* Begin PBXResourcesBuildPhase section */
		3BC09ED927E1CB5F00CACF8D /* Resources */ = {
			isa = PBXResourcesBuildPhase;
			buildActionMask = 2147483647;
			files = (
				3BC09EE627E1CB5F00CACF8D /* Preview Assets.xcassets in Resources */,
				3BC09EE327E1CB5F00CACF8D /* Assets.xcassets in Resources */,
			);
			runOnlyForDeploymentPostprocessing = 0;
		};
/* End PBXResourcesBuildPhase section */

/* Begin PBXSourcesBuildPhase section */
		3BC09ED727E1CB5F00CACF8D /* Sources */ = {
			isa = PBXSourcesBuildPhase;
			buildActionMask = 2147483647;
			files = (
				3BC09EF327E1D74F00CACF8D /* IFrameService.swift in Sources */,
				3BC09EFF27E21C3B00CACF8D /* SizeFormatter.swift in Sources */,
				3BC09EE127E1CB5F00CACF8D /* SearchResultsView.swift in Sources */,
				3BC09EED27E1CCA900CACF8D /* iFrameView.swift in Sources */,
				3BC09EDF27E1CB5F00CACF8D /* YouTubeTapApp.swift in Sources */,
				3BC09EF127E1D4F100CACF8D /* SearchResultsViewModel.swift in Sources */,
				3BC09EF527E20F1500CACF8D /* UIDevice.swift in Sources */,
			);
			runOnlyForDeploymentPostprocessing = 0;
		};
/* End PBXSourcesBuildPhase section */

/* Begin XCBuildConfiguration section */
		3BC09EE727E1CB5F00CACF8D /* Debug */ = {
			isa = XCBuildConfiguration;
			buildSettings = {
				ALWAYS_SEARCH_USER_PATHS = NO;
				CLANG_ANALYZER_NONNULL = YES;
				CLANG_ANALYZER_NUMBER_OBJECT_CONVERSION = YES_AGGRESSIVE;
				CLANG_CXX_LANGUAGE_STANDARD = "gnu++17";
				CLANG_CXX_LIBRARY = "libc++";
				CLANG_ENABLE_MODULES = YES;
				CLANG_ENABLE_OBJC_ARC = YES;
				CLANG_ENABLE_OBJC_WEAK = YES;
				CLANG_WARN_BLOCK_CAPTURE_AUTORELEASING = YES;
				CLANG_WARN_BOOL_CONVERSION = YES;
				CLANG_WARN_COMMA = YES;
				CLANG_WARN_CONSTANT_CONVERSION = YES;
				CLANG_WARN_DEPRECATED_OBJC_IMPLEMENTATIONS = YES;
				CLANG_WARN_DIRECT_OBJC_ISA_USAGE = YES_ERROR;
				CLANG_WARN_DOCUMENTATION_COMMENTS = YES;
				CLANG_WARN_EMPTY_BODY = YES;
				CLANG_WARN_ENUM_CONVERSION = YES;
				CLANG_WARN_INFINITE_RECURSION = YES;
				CLANG_WARN_INT_CONVERSION = YES;
				CLANG_WARN_NON_LITERAL_NULL_CONVERSION = YES;
				CLANG_WARN_OBJC_IMPLICIT_RETAIN_SELF = YES;
				CLANG_WARN_OBJC_LITERAL_CONVERSION = YES;
				CLANG_WARN_OBJC_ROOT_CLASS = YES_ERROR;
				CLANG_WARN_QUOTED_INCLUDE_IN_FRAMEWORK_HEADER = YES;
				CLANG_WARN_RANGE_LOOP_ANALYSIS = YES;
				CLANG_WARN_STRICT_PROTOTYPES = YES;
				CLANG_WARN_SUSPICIOUS_MOVE = YES;
				CLANG_WARN_UNGUARDED_AVAILABILITY = YES_AGGRESSIVE;
				CLANG_WARN_UNREACHABLE_CODE = YES;
				CLANG_WARN__DUPLICATE_METHOD_MATCH = YES;
				COPY_PHASE_STRIP = NO;
				DEBUG_INFORMATION_FORMAT = dwarf;
				ENABLE_STRICT_OBJC_MSGSEND = YES;
				ENABLE_TESTABILITY = YES;
				GCC_C_LANGUAGE_STANDARD = gnu11;
				GCC_DYNAMIC_NO_PIC = NO;
				GCC_NO_COMMON_BLOCKS = YES;
				GCC_OPTIMIZATION_LEVEL = 0;
				GCC_PREPROCESSOR_DEFINITIONS = (
					"DEBUG=1",
					"$(inherited)",
				);
				GCC_WARN_64_TO_32_BIT_CONVERSION = YES;
				GCC_WARN_ABOUT_RETURN_TYPE = YES_ERROR;
				GCC_WARN_UNDECLARED_SELECTOR = YES;
				GCC_WARN_UNINITIALIZED_AUTOS = YES_AGGRESSIVE;
				GCC_WARN_UNUSED_FUNCTION = YES;
				GCC_WARN_UNUSED_VARIABLE = YES;
				IPHONEOS_DEPLOYMENT_TARGET = 15.2;
				MTL_ENABLE_DEBUG_INFO = INCLUDE_SOURCE;
				MTL_FAST_MATH = YES;
				ONLY_ACTIVE_ARCH = YES;
				SDKROOT = iphoneos;
				SWIFT_ACTIVE_COMPILATION_CONDITIONS = DEBUG;
				SWIFT_OPTIMIZATION_LEVEL = "-Onone";
			};
			name = Debug;
		};
		3BC09EE827E1CB5F00CACF8D /* Release */ = {
			isa = XCBuildConfiguration;
			buildSettings = {
				ALWAYS_SEARCH_USER_PATHS = NO;
				CLANG_ANALYZER_NONNULL = YES;
				CLANG_ANALYZER_NUMBER_OBJECT_CONVERSION = YES_AGGRESSIVE;
				CLANG_CXX_LANGUAGE_STANDARD = "gnu++17";
				CLANG_CXX_LIBRARY = "libc++";
				CLANG_ENABLE_MODULES = YES;
				CLANG_ENABLE_OBJC_ARC = YES;
				CLANG_ENABLE_OBJC_WEAK = YES;
				CLANG_WARN_BLOCK_CAPTURE_AUTORELEASING = YES;
				CLANG_WARN_BOOL_CONVERSION = YES;
				CLANG_WARN_COMMA = YES;
				CLANG_WARN_CONSTANT_CONVERSION = YES;
				CLANG_WARN_DEPRECATED_OBJC_IMPLEMENTATIONS = YES;
				CLANG_WARN_DIRECT_OBJC_ISA_USAGE = YES_ERROR;
				CLANG_WARN_DOCUMENTATION_COMMENTS = YES;
				CLANG_WARN_EMPTY_BODY = YES;
				CLANG_WARN_ENUM_CONVERSION = YES;
				CLANG_WARN_INFINITE_RECURSION = YES;
				CLANG_WARN_INT_CONVERSION = YES;
				CLANG_WARN_NON_LITERAL_NULL_CONVERSION = YES;
				CLANG_WARN_OBJC_IMPLICIT_RETAIN_SELF = YES;
				CLANG_WARN_OBJC_LITERAL_CONVERSION = YES;
				CLANG_WARN_OBJC_ROOT_CLASS = YES_ERROR;
				CLANG_WARN_QUOTED_INCLUDE_IN_FRAMEWORK_HEADER = YES;
				CLANG_WARN_RANGE_LOOP_ANALYSIS = YES;
				CLANG_WARN_STRICT_PROTOTYPES = YES;
				CLANG_WARN_SUSPICIOUS_MOVE = YES;
				CLANG_WARN_UNGUARDED_AVAILABILITY = YES_AGGRESSIVE;
				CLANG_WARN_UNREACHABLE_CODE = YES;
				CLANG_WARN__DUPLICATE_METHOD_MATCH = YES;
				COPY_PHASE_STRIP = NO;
				DEBUG_INFORMATION_FORMAT = "dwarf-with-dsym";
				ENABLE_NS_ASSERTIONS = NO;
				ENABLE_STRICT_OBJC_MSGSEND = YES;
				GCC_C_LANGUAGE_STANDARD = gnu11;
				GCC_NO_COMMON_BLOCKS = YES;
				GCC_WARN_64_TO_32_BIT_CONVERSION = YES;
				GCC_WARN_ABOUT_RETURN_TYPE = YES_ERROR;
				GCC_WARN_UNDECLARED_SELECTOR = YES;
				GCC_WARN_UNINITIALIZED_AUTOS = YES_AGGRESSIVE;
				GCC_WARN_UNUSED_FUNCTION = YES;
				GCC_WARN_UNUSED_VARIABLE = YES;
				IPHONEOS_DEPLOYMENT_TARGET = 15.2;
				MTL_ENABLE_DEBUG_INFO = NO;
				MTL_FAST_MATH = YES;
				SDKROOT = iphoneos;
				SWIFT_COMPILATION_MODE = wholemodule;
				SWIFT_OPTIMIZATION_LEVEL = "-O";
				VALIDATE_PRODUCT = YES;
			};
			name = Release;
		};
		3BC09EEA27E1CB5F00CACF8D /* Debug */ = {
			isa = XCBuildConfiguration;
			buildSettings = {
				ASSETCATALOG_COMPILER_APPICON_NAME = AppIcon;
				ASSETCATALOG_COMPILER_GLOBAL_ACCENT_COLOR_NAME = AccentColor;
				CODE_SIGN_STYLE = Automatic;
				CURRENT_PROJECT_VERSION = 1;
				DEVELOPMENT_ASSET_PATHS = "\"YouTubeTap/Preview Content\"";
				DEVELOPMENT_TEAM = 7GBFL89KCR;
				ENABLE_PREVIEWS = YES;
				GENERATE_INFOPLIST_FILE = YES;
				INFOPLIST_KEY_UIApplicationSceneManifest_Generation = YES;
				INFOPLIST_KEY_UIApplicationSupportsIndirectInputEvents = YES;
				INFOPLIST_KEY_UILaunchScreen_Generation = YES;
				INFOPLIST_KEY_UISupportedInterfaceOrientations = UIInterfaceOrientationPortrait;
				INFOPLIST_KEY_UISupportedInterfaceOrientations_iPad = "UIInterfaceOrientationPortrait UIInterfaceOrientationPortraitUpsideDown UIInterfaceOrientationLandscapeLeft UIInterfaceOrientationLandscapeRight";
				INFOPLIST_KEY_UISupportedInterfaceOrientations_iPhone = UIInterfaceOrientationPortrait;
				LD_RUNPATH_SEARCH_PATHS = (
					"$(inherited)",
					"@executable_path/Frameworks",
				);
				MARKETING_VERSION = 1.0;
				PRODUCT_BUNDLE_IDENTIFIER = com.butovosurfers.YouTubeTap;
				PRODUCT_NAME = "$(TARGET_NAME)";
				SWIFT_EMIT_LOC_STRINGS = YES;
				SWIFT_VERSION = 5.0;
				TARGETED_DEVICE_FAMILY = 1;
			};
			name = Debug;
		};
		3BC09EEB27E1CB5F00CACF8D /* Release */ = {
			isa = XCBuildConfiguration;
			buildSettings = {
				ASSETCATALOG_COMPILER_APPICON_NAME = AppIcon;
				ASSETCATALOG_COMPILER_GLOBAL_ACCENT_COLOR_NAME = AccentColor;
				CODE_SIGN_STYLE = Automatic;
				CURRENT_PROJECT_VERSION = 1;
				DEVELOPMENT_ASSET_PATHS = "\"YouTubeTap/Preview Content\"";
				DEVELOPMENT_TEAM = 7GBFL89KCR;
				ENABLE_PREVIEWS = YES;
				GENERATE_INFOPLIST_FILE = YES;
				INFOPLIST_KEY_UIApplicationSceneManifest_Generation = YES;
				INFOPLIST_KEY_UIApplicationSupportsIndirectInputEvents = YES;
				INFOPLIST_KEY_UILaunchScreen_Generation = YES;
				INFOPLIST_KEY_UISupportedInterfaceOrientations = UIInterfaceOrientationPortrait;
				INFOPLIST_KEY_UISupportedInterfaceOrientations_iPad = "UIInterfaceOrientationPortrait UIInterfaceOrientationPortraitUpsideDown UIInterfaceOrientationLandscapeLeft UIInterfaceOrientationLandscapeRight";
				INFOPLIST_KEY_UISupportedInterfaceOrientations_iPhone = UIInterfaceOrientationPortrait;
				LD_RUNPATH_SEARCH_PATHS = (
					"$(inherited)",
					"@executable_path/Frameworks",
				);
				MARKETING_VERSION = 1.0;
				PRODUCT_BUNDLE_IDENTIFIER = com.butovosurfers.YouTubeTap;
				PRODUCT_NAME = "$(TARGET_NAME)";
				SWIFT_EMIT_LOC_STRINGS = YES;
				SWIFT_VERSION = 5.0;
				TARGETED_DEVICE_FAMILY = 1;
			};
			name = Release;
		};
/* End XCBuildConfiguration section */

/* Begin XCConfigurationList section */
		3BC09ED627E1CB5F00CACF8D /* Build configuration list for PBXProject "YouTubeTap" */ = {
			isa = XCConfigurationList;
			buildConfigurations = (
				3BC09EE727E1CB5F00CACF8D /* Debug */,
				3BC09EE827E1CB5F00CACF8D /* Release */,
			);
			defaultConfigurationIsVisible = 0;
			defaultConfigurationName = Release;
		};
		3BC09EE927E1CB5F00CACF8D /* Build configuration list for PBXNativeTarget "YouTubeTap" */ = {
			isa = XCConfigurationList;
			buildConfigurations = (
				3BC09EEA27E1CB5F00CACF8D /* Debug */,
				3BC09EEB27E1CB5F00CACF8D /* Release */,
			);
			defaultConfigurationIsVisible = 0;
			defaultConfigurationName = Release;
		};
/* End XCConfigurationList section */
	};
	rootObject = 3BC09ED327E1CB5F00CACF8D /* Project object */;
}
